
Microsoft Visual Studio Solution File, Format Version 12.00
# Visual Studio 15
VisualStudioVersion = 15.0.27004.2002
MinimumVisualStudioVersion = 10.0.40219.1
Project("{FAE04EC0-301F-11D3-BF4B-00C04F79EFBC}") = "LibraryBuild", "LibraryBuild\LibraryBuild.csproj", "{FAE37F6A-B589-4B7A-B84D-3DD3E5BA6BEF}"
EndProject
Project("{FAE04EC0-301F-11D3-BF4B-00C04F79EFBC}") = "JenkkinsTest", "JenkkinsTest\JenkkinsTest.csproj", "{98B2CA5C-4C6F-4312-808F-38A3B1875BA6}"
EndProject
Global
	GlobalSection(SolutionConfigurationPlatforms) = preSolution
		Debug|Any CPU = Debug|Any CPU
		Release|Any CPU = Release|Any CPU
	EndGlobalSection
	GlobalSection(ProjectConfigurationPlatforms) = postSolution
		{FAE37F6A-B589-4B7A-B84D-3DD3E5BA6BEF}.Debug|Any CPU.ActiveCfg = Debug|Any CPU
		{FAE37F6A-B589-4B7A-B84D-3DD3E5BA6BEF}.Debug|Any CPU.Build.0 = Debug|Any CPU
		{FAE37F6A-B589-4B7A-B84D-3DD3E5BA6BEF}.Release|Any CPU.ActiveCfg = Release|Any CPU
		{FAE37F6A-B589-4B7A-B84D-3DD3E5BA6BEF}.Release|Any CPU.Build.0 = Release|Any CPU
		{98B2CA5C-4C6F-4312-808F-38A3B1875BA6}.Debug|Any CPU.ActiveCfg = Debug|Any CPU
		{98B2CA5C-4C6F-4312-808F-38A3B1875BA6}.Debug|Any CPU.Build.0 = Debug|Any CPU
		{98B2CA5C-4C6F-4312-808F-38A3B1875BA6}.Release|Any CPU.ActiveCfg = Release|Any CPU
		{98B2CA5C-4C6F-4312-808F-38A3B1875BA6}.Release|Any CPU.Build.0 = Release|Any CPU
	EndGlobalSection
	GlobalSection(SolutionProperties) = preSolution
		HideSolutionNode = FALSE
	EndGlobalSection
	GlobalSection(ExtensibilityGlobals) = postSolution
		SolutionGuid = {8A8382D5-7B29-4E5C-A994-98CBF3A7D47C}
	EndGlobalSection
EndGlobal
